// !$*UTF8*$!
{
	archiveVersion = 1;
	classes = {
	};
	objectVersion = 56;
	objects = {

/* Begin PBXBuildFile section */
		E70549302C56D168007595A4 /* RealityKitContent in Frameworks */ = {isa = PBXBuildFile; productRef = E705492F2C56D168007595A4 /* RealityKitContent */; };
		E70549322C56D168007595A4 /* SoundWeaverHUDApp.swift in Sources */ = {isa = PBXBuildFile; fileRef = E70549312C56D168007595A4 /* SoundWeaverHUDApp.swift */; };
		E70549342C56D168007595A4 /* ContentView.swift in Sources */ = {isa = PBXBuildFile; fileRef = E70549332C56D168007595A4 /* ContentView.swift */; };
		E70549362C56D16A007595A4 /* Assets.xcassets in Resources */ = {isa = PBXBuildFile; fileRef = E70549352C56D16A007595A4 /* Assets.xcassets */; };
		E70549392C56D16A007595A4 /* Preview Assets.xcassets in Resources */ = {isa = PBXBuildFile; fileRef = E70549382C56D16A007595A4 /* Preview Assets.xcassets */; };
		E70549412C56D1F8007595A4 /* HUDView.swift in Sources */ = {isa = PBXBuildFile; fileRef = E70549402C56D1F8007595A4 /* HUDView.swift */; };
		E70549432C56D326007595A4 /* AwarenessView.swift in Sources */ = {isa = PBXBuildFile; fileRef = E70549422C56D326007595A4 /* AwarenessView.swift */; };
		E70549452C56D32D007595A4 /* ActionView.swift in Sources */ = {isa = PBXBuildFile; fileRef = E70549442C56D32D007595A4 /* ActionView.swift */; };
		E70549472C56D335007595A4 /* SocialView.swift in Sources */ = {isa = PBXBuildFile; fileRef = E70549462C56D335007595A4 /* SocialView.swift */; };
		E705494B2C56D379007595A4 /* ClassificationResultsObject.swift in Sources */ = {isa = PBXBuildFile; fileRef = E705494A2C56D379007595A4 /* ClassificationResultsObject.swift */; };
		E705494D2C56D38B007595A4 /* SoundIdentifier.swift in Sources */ = {isa = PBXBuildFile; fileRef = E705494C2C56D38B007595A4 /* SoundIdentifier.swift */; };
		E705494F2C56D398007595A4 /* DetectionState.swift in Sources */ = {isa = PBXBuildFile; fileRef = E705494E2C56D398007595A4 /* DetectionState.swift */; };
		E70549512C56D3B8007595A4 /* AudioClassifier.swift in Sources */ = {isa = PBXBuildFile; fileRef = E70549502C56D3B8007595A4 /* AudioClassifier.swift */; };
		E70549532C56D3CD007595A4 /* SpeechRecognizer.swift in Sources */ = {isa = PBXBuildFile; fileRef = E70549522C56D3CD007595A4 /* SpeechRecognizer.swift */; };
		E70549552C56D3E2007595A4 /* AudioSessionManager.swift in Sources */ = {isa = PBXBuildFile; fileRef = E70549542C56D3E2007595A4 /* AudioSessionManager.swift */; };
		E70549572C56D3F3007595A4 /* AudioClassificationManager.swift in Sources */ = {isa = PBXBuildFile; fileRef = E70549562C56D3F3007595A4 /* AudioClassificationManager.swift */; };
		E70549592C56D9AE007595A4 /* SoundClassificationView.swift in Sources */ = {isa = PBXBuildFile; fileRef = E70549582C56D9AE007595A4 /* SoundClassificationView.swift */; };
		E705495B2C56D9DE007595A4 /* TranscriptView.swift in Sources */ = {isa = PBXBuildFile; fileRef = E705495A2C56D9DE007595A4 /* TranscriptView.swift */; };
		E73298112C5C0B6C00CA5405 /* GoogleService-Info.plist in Resources */ = {isa = PBXBuildFile; fileRef = E73298102C5C0B6C00CA5405 /* GoogleService-Info.plist */; };
		E776898C2C62CD550096F933 /* CustomSpeech.swift in Sources */ = {isa = PBXBuildFile; fileRef = E776898B2C62CD550096F933 /* CustomSpeech.swift */; };
		E7985D592C5BC6BE00AED2C0 /* SoundLevelMonitor.swift in Sources */ = {isa = PBXBuildFile; fileRef = E7985D582C5BC6BE00AED2C0 /* SoundLevelMonitor.swift */; };
		E79D9CEC2C57D2BE0098BE30 /* DirectionView.swift in Sources */ = {isa = PBXBuildFile; fileRef = E79D9CEB2C57D2BE0098BE30 /* DirectionView.swift */; };
		E7D6D4732C57D26C00A2D747 /* FirebaseAnalytics in Frameworks */ = {isa = PBXBuildFile; productRef = E7D6D4722C57D26C00A2D747 /* FirebaseAnalytics */; };
		E7D6D4752C57D26C00A2D747 /* FirebaseAnalyticsOnDeviceConversion in Frameworks */ = {isa = PBXBuildFile; productRef = E7D6D4742C57D26C00A2D747 /* FirebaseAnalyticsOnDeviceConversion */; };
		E7D6D4772C57D26C00A2D747 /* FirebaseAnalyticsSwift in Frameworks */ = {isa = PBXBuildFile; productRef = E7D6D4762C57D26C00A2D747 /* FirebaseAnalyticsSwift */; };
		E7D6D4792C57D26C00A2D747 /* FirebaseDatabase in Frameworks */ = {isa = PBXBuildFile; productRef = E7D6D4782C57D26C00A2D747 /* FirebaseDatabase */; };
		E7D6D47B2C57D26C00A2D747 /* FirebaseDatabaseSwift in Frameworks */ = {isa = PBXBuildFile; productRef = E7D6D47A2C57D26C00A2D747 /* FirebaseDatabaseSwift */; };
/* End PBXBuildFile section */

/* Begin PBXFileReference section */
		E705492A2C56D168007595A4 /* SoundWeaverHUD.app */ = {isa = PBXFileReference; explicitFileType = wrapper.application; includeInIndex = 0; path = SoundWeaverHUD.app; sourceTree = BUILT_PRODUCTS_DIR; };
		E705492E2C56D168007595A4 /* RealityKitContent */ = {isa = PBXFileReference; lastKnownFileType = wrapper; path = RealityKitContent; sourceTree = "<group>"; };
		E70549312C56D168007595A4 /* SoundWeaverHUDApp.swift */ = {isa = PBXFileReference; lastKnownFileType = sourcecode.swift; path = SoundWeaverHUDApp.swift; sourceTree = "<group>"; };
		E70549332C56D168007595A4 /* ContentView.swift */ = {isa = PBXFileReference; lastKnownFileType = sourcecode.swift; path = ContentView.swift; sourceTree = "<group>"; };
		E70549352C56D16A007595A4 /* Assets.xcassets */ = {isa = PBXFileReference; lastKnownFileType = folder.assetcatalog; path = Assets.xcassets; sourceTree = "<group>"; };
		E70549382C56D16A007595A4 /* Preview Assets.xcassets */ = {isa = PBXFileReference; lastKnownFileType = folder.assetcatalog; path = "Preview Assets.xcassets"; sourceTree = "<group>"; };
		E705493A2C56D16A007595A4 /* Info.plist */ = {isa = PBXFileReference; lastKnownFileType = text.plist.xml; path = Info.plist; sourceTree = "<group>"; };
		E70549402C56D1F8007595A4 /* HUDView.swift */ = {isa = PBXFileReference; lastKnownFileType = sourcecode.swift; path = HUDView.swift; sourceTree = "<group>"; };
		E70549422C56D326007595A4 /* AwarenessView.swift */ = {isa = PBXFileReference; lastKnownFileType = sourcecode.swift; path = AwarenessView.swift; sourceTree = "<group>"; };
		E70549442C56D32D007595A4 /* ActionView.swift */ = {isa = PBXFileReference; lastKnownFileType = sourcecode.swift; path = ActionView.swift; sourceTree = "<group>"; };
		E70549462C56D335007595A4 /* SocialView.swift */ = {isa = PBXFileReference; lastKnownFileType = sourcecode.swift; path = SocialView.swift; sourceTree = "<group>"; };
		E705494A2C56D379007595A4 /* ClassificationResultsObject.swift */ = {isa = PBXFileReference; lastKnownFileType = sourcecode.swift; path = ClassificationResultsObject.swift; sourceTree = "<group>"; };
		E705494C2C56D38B007595A4 /* SoundIdentifier.swift */ = {isa = PBXFileReference; lastKnownFileType = sourcecode.swift; path = SoundIdentifier.swift; sourceTree = "<group>"; };
		E705494E2C56D398007595A4 /* DetectionState.swift */ = {isa = PBXFileReference; lastKnownFileType = sourcecode.swift; path = DetectionState.swift; sourceTree = "<group>"; };
		E70549502C56D3B8007595A4 /* AudioClassifier.swift */ = {isa = PBXFileReference; lastKnownFileType = sourcecode.swift; path = AudioClassifier.swift; sourceTree = "<group>"; };
		E70549522C56D3CD007595A4 /* SpeechRecognizer.swift */ = {isa = PBXFileReference; lastKnownFileType = sourcecode.swift; path = SpeechRecognizer.swift; sourceTree = "<group>"; };
		E70549542C56D3E2007595A4 /* AudioSessionManager.swift */ = {isa = PBXFileReference; lastKnownFileType = sourcecode.swift; path = AudioSessionManager.swift; sourceTree = "<group>"; };
		E70549562C56D3F3007595A4 /* AudioClassificationManager.swift */ = {isa = PBXFileReference; lastKnownFileType = sourcecode.swift; path = AudioClassificationManager.swift; sourceTree = "<group>"; };
		E70549582C56D9AE007595A4 /* SoundClassificationView.swift */ = {isa = PBXFileReference; lastKnownFileType = sourcecode.swift; path = SoundClassificationView.swift; sourceTree = "<group>"; };
		E705495A2C56D9DE007595A4 /* TranscriptView.swift */ = {isa = PBXFileReference; lastKnownFileType = sourcecode.swift; path = TranscriptView.swift; sourceTree = "<group>"; };
		E73298102C5C0B6C00CA5405 /* GoogleService-Info.plist */ = {isa = PBXFileReference; fileEncoding = 4; lastKnownFileType = text.plist.xml; path = "GoogleService-Info.plist"; sourceTree = "<group>"; };
		E776898B2C62CD550096F933 /* CustomSpeech.swift */ = {isa = PBXFileReference; lastKnownFileType = sourcecode.swift; path = CustomSpeech.swift; sourceTree = "<group>"; };
		E7985D582C5BC6BE00AED2C0 /* SoundLevelMonitor.swift */ = {isa = PBXFileReference; lastKnownFileType = sourcecode.swift; path = SoundLevelMonitor.swift; sourceTree = "<group>"; };
		E79D9CEB2C57D2BE0098BE30 /* DirectionView.swift */ = {isa = PBXFileReference; lastKnownFileType = sourcecode.swift; path = DirectionView.swift; sourceTree = "<group>"; };
/* End PBXFileReference section */

/* Begin PBXFrameworksBuildPhase section */
		E70549272C56D168007595A4 /* Frameworks */ = {
			isa = PBXFrameworksBuildPhase;
			buildActionMask = 2147483647;
			files = (
				E7D6D47B2C57D26C00A2D747 /* FirebaseDatabaseSwift in Frameworks */,
				E7D6D4792C57D26C00A2D747 /* FirebaseDatabase in Frameworks */,
				E7D6D4772C57D26C00A2D747 /* FirebaseAnalyticsSwift in Frameworks */,
				E7D6D4732C57D26C00A2D747 /* FirebaseAnalytics in Frameworks */,
				E7D6D4752C57D26C00A2D747 /* FirebaseAnalyticsOnDeviceConversion in Frameworks */,
				E70549302C56D168007595A4 /* RealityKitContent in Frameworks */,
			);
			runOnlyForDeploymentPostprocessing = 0;
		};
/* End PBXFrameworksBuildPhase section */

/* Begin PBXGroup section */
		E70549212C56D168007595A4 = {
			isa = PBXGroup;
			children = (
				E705492C2C56D168007595A4 /* SoundWeaverHUD */,
				E705492D2C56D168007595A4 /* Packages */,
				E705492B2C56D168007595A4 /* Products */,
			);
			sourceTree = "<group>";
		};
		E705492B2C56D168007595A4 /* Products */ = {
			isa = PBXGroup;
			children = (
				E705492A2C56D168007595A4 /* SoundWeaverHUD.app */,
			);
			name = Products;
			sourceTree = "<group>";
		};
		E705492C2C56D168007595A4 /* SoundWeaverHUD */ = {
			isa = PBXGroup;
			children = (
				E776898A2C62CD3C0096F933 /* SpeechData */,
				E73298102C5C0B6C00CA5405 /* GoogleService-Info.plist */,
				E70549492C56D36C007595A4 /* Helper */,
				E70549312C56D168007595A4 /* SoundWeaverHUDApp.swift */,
				E70549332C56D168007595A4 /* ContentView.swift */,
				E70549482C56D358007595A4 /* Views */,
				E70549352C56D16A007595A4 /* Assets.xcassets */,
				E705493A2C56D16A007595A4 /* Info.plist */,
				E70549372C56D16A007595A4 /* Preview Content */,
				E70549402C56D1F8007595A4 /* HUDView.swift */,
				E70549502C56D3B8007595A4 /* AudioClassifier.swift */,
				E70549522C56D3CD007595A4 /* SpeechRecognizer.swift */,
				E70549542C56D3E2007595A4 /* AudioSessionManager.swift */,
				E70549562C56D3F3007595A4 /* AudioClassificationManager.swift */,
				E7985D582C5BC6BE00AED2C0 /* SoundLevelMonitor.swift */,
			);
			path = SoundWeaverHUD;
			sourceTree = "<group>";
		};
		E705492D2C56D168007595A4 /* Packages */ = {
			isa = PBXGroup;
			children = (
				E705492E2C56D168007595A4 /* RealityKitContent */,
			);
			path = Packages;
			sourceTree = "<group>";
		};
		E70549372C56D16A007595A4 /* Preview Content */ = {
			isa = PBXGroup;
			children = (
				E70549382C56D16A007595A4 /* Preview Assets.xcassets */,
			);
			path = "Preview Content";
			sourceTree = "<group>";
		};
		E70549482C56D358007595A4 /* Views */ = {
			isa = PBXGroup;
			children = (
				E70549422C56D326007595A4 /* AwarenessView.swift */,
				E705495A2C56D9DE007595A4 /* TranscriptView.swift */,
				E70549582C56D9AE007595A4 /* SoundClassificationView.swift */,
				E70549442C56D32D007595A4 /* ActionView.swift */,
				E70549462C56D335007595A4 /* SocialView.swift */,
				E79D9CEB2C57D2BE0098BE30 /* DirectionView.swift */,
			);
			path = Views;
			sourceTree = "<group>";
		};
		E70549492C56D36C007595A4 /* Helper */ = {
			isa = PBXGroup;
			children = (
				E705494A2C56D379007595A4 /* ClassificationResultsObject.swift */,
				E705494E2C56D398007595A4 /* DetectionState.swift */,
				E705494C2C56D38B007595A4 /* SoundIdentifier.swift */,
			);
			path = Helper;
			sourceTree = "<group>";
		};
		E776898A2C62CD3C0096F933 /* SpeechData */ = {
			isa = PBXGroup;
			children = (
				E776898B2C62CD550096F933 /* CustomSpeech.swift */,
			);
			path = SpeechData;
			sourceTree = "<group>";
		};
/* End PBXGroup section */

/* Begin PBXNativeTarget section */
		E70549292C56D168007595A4 /* SoundWeaverHUD */ = {
			isa = PBXNativeTarget;
			buildConfigurationList = E705493D2C56D16A007595A4 /* Build configuration list for PBXNativeTarget "SoundWeaverHUD" */;
			buildPhases = (
				E70549262C56D168007595A4 /* Sources */,
				E70549272C56D168007595A4 /* Frameworks */,
				E70549282C56D168007595A4 /* Resources */,
			);
			buildRules = (
			);
			dependencies = (
			);
			name = SoundWeaverHUD;
			packageProductDependencies = (
				E705492F2C56D168007595A4 /* RealityKitContent */,
				E7D6D4722C57D26C00A2D747 /* FirebaseAnalytics */,
				E7D6D4742C57D26C00A2D747 /* FirebaseAnalyticsOnDeviceConversion */,
				E7D6D4762C57D26C00A2D747 /* FirebaseAnalyticsSwift */,
				E7D6D4782C57D26C00A2D747 /* FirebaseDatabase */,
				E7D6D47A2C57D26C00A2D747 /* FirebaseDatabaseSwift */,
			);
			productName = SoundWeaverHUD;
			productReference = E705492A2C56D168007595A4 /* SoundWeaverHUD.app */;
			productType = "com.apple.product-type.application";
		};
/* End PBXNativeTarget section */

/* Begin PBXProject section */
		E70549222C56D168007595A4 /* Project object */ = {
			isa = PBXProject;
			attributes = {
				BuildIndependentTargetsInParallel = 1;
				LastSwiftUpdateCheck = 1540;
				LastUpgradeCheck = 1540;
				TargetAttributes = {
					E70549292C56D168007595A4 = {
						CreatedOnToolsVersion = 15.4;
					};
				};
			};
			buildConfigurationList = E70549252C56D168007595A4 /* Build configuration list for PBXProject "SoundWeaverHUD" */;
			compatibilityVersion = "Xcode 14.0";
			developmentRegion = en;
			hasScannedForEncodings = 0;
			knownRegions = (
				en,
				Base,
			);
			mainGroup = E70549212C56D168007595A4;
			packageReferences = (
				E7D6D4712C57D26C00A2D747 /* XCRemoteSwiftPackageReference "firebase-ios-sdk" */,
			);
			productRefGroup = E705492B2C56D168007595A4 /* Products */;
			projectDirPath = "";
			projectRoot = "";
			targets = (
				E70549292C56D168007595A4 /* SoundWeaverHUD */,
			);
		};
/* End PBXProject section */

/* Begin PBXResourcesBuildPhase section */
		E70549282C56D168007595A4 /* Resources */ = {
			isa = PBXResourcesBuildPhase;
			buildActionMask = 2147483647;
			files = (
				E70549392C56D16A007595A4 /* Preview Assets.xcassets in Resources */,
				E70549362C56D16A007595A4 /* Assets.xcassets in Resources */,
				E73298112C5C0B6C00CA5405 /* GoogleService-Info.plist in Resources */,
			);
			runOnlyForDeploymentPostprocessing = 0;
		};
/* End PBXResourcesBuildPhase section */

/* Begin PBXSourcesBuildPhase section */
		E70549262C56D168007595A4 /* Sources */ = {
			isa = PBXSourcesBuildPhase;
			buildActionMask = 2147483647;
			files = (
				E7985D592C5BC6BE00AED2C0 /* SoundLevelMonitor.swift in Sources */,
				E70549592C56D9AE007595A4 /* SoundClassificationView.swift in Sources */,
				E70549452C56D32D007595A4 /* ActionView.swift in Sources */,
				E70549552C56D3E2007595A4 /* AudioSessionManager.swift in Sources */,
				E70549412C56D1F8007595A4 /* HUDView.swift in Sources */,
				E70549532C56D3CD007595A4 /* SpeechRecognizer.swift in Sources */,
				E705494F2C56D398007595A4 /* DetectionState.swift in Sources */,
				E70549572C56D3F3007595A4 /* AudioClassificationManager.swift in Sources */,
				E70549342C56D168007595A4 /* ContentView.swift in Sources */,
				E70549432C56D326007595A4 /* AwarenessView.swift in Sources */,
				E705494D2C56D38B007595A4 /* SoundIdentifier.swift in Sources */,
				E705495B2C56D9DE007595A4 /* TranscriptView.swift in Sources */,
				E705494B2C56D379007595A4 /* ClassificationResultsObject.swift in Sources */,
				E79D9CEC2C57D2BE0098BE30 /* DirectionView.swift in Sources */,
				E70549512C56D3B8007595A4 /* AudioClassifier.swift in Sources */,
				E70549322C56D168007595A4 /* SoundWeaverHUDApp.swift in Sources */,
				E776898C2C62CD550096F933 /* CustomSpeech.swift in Sources */,
				E70549472C56D335007595A4 /* SocialView.swift in Sources */,
			);
			runOnlyForDeploymentPostprocessing = 0;
		};
/* End PBXSourcesBuildPhase section */

/* Begin XCBuildConfiguration section */
		E705493B2C56D16A007595A4 /* Debug */ = {
			isa = XCBuildConfiguration;
			buildSettings = {
				ALWAYS_SEARCH_USER_PATHS = NO;
				ASSETCATALOG_COMPILER_GENERATE_SWIFT_ASSET_SYMBOL_EXTENSIONS = YES;
				CLANG_ANALYZER_NONNULL = YES;
				CLANG_ANALYZER_NUMBER_OBJECT_CONVERSION = YES_AGGRESSIVE;
				CLANG_CXX_LANGUAGE_STANDARD = "gnu++20";
				CLANG_ENABLE_MODULES = YES;
				CLANG_ENABLE_OBJC_ARC = YES;
				CLANG_ENABLE_OBJC_WEAK = YES;
				CLANG_WARN_BLOCK_CAPTURE_AUTORELEASING = YES;
				CLANG_WARN_BOOL_CONVERSION = YES;
				CLANG_WARN_COMMA = YES;
				CLANG_WARN_CONSTANT_CONVERSION = YES;
				CLANG_WARN_DEPRECATED_OBJC_IMPLEMENTATIONS = YES;
				CLANG_WARN_DIRECT_OBJC_ISA_USAGE = YES_ERROR;
				CLANG_WARN_DOCUMENTATION_COMMENTS = YES;
				CLANG_WARN_EMPTY_BODY = YES;
				CLANG_WARN_ENUM_CONVERSION = YES;
				CLANG_WARN_INFINITE_RECURSION = YES;
				CLANG_WARN_INT_CONVERSION = YES;
				CLANG_WARN_NON_LITERAL_NULL_CONVERSION = YES;
				CLANG_WARN_OBJC_IMPLICIT_RETAIN_SELF = YES;
				CLANG_WARN_OBJC_LITERAL_CONVERSION = YES;
				CLANG_WARN_OBJC_ROOT_CLASS = YES_ERROR;
				CLANG_WARN_QUOTED_INCLUDE_IN_FRAMEWORK_HEADER = YES;
				CLANG_WARN_RANGE_LOOP_ANALYSIS = YES;
				CLANG_WARN_STRICT_PROTOTYPES = YES;
				CLANG_WARN_SUSPICIOUS_MOVE = YES;
				CLANG_WARN_UNGUARDED_AVAILABILITY = YES_AGGRESSIVE;
				CLANG_WARN_UNREACHABLE_CODE = YES;
				CLANG_WARN__DUPLICATE_METHOD_MATCH = YES;
				COPY_PHASE_STRIP = NO;
				DEBUG_INFORMATION_FORMAT = dwarf;
				ENABLE_STRICT_OBJC_MSGSEND = YES;
				ENABLE_TESTABILITY = YES;
				ENABLE_USER_SCRIPT_SANDBOXING = YES;
				GCC_C_LANGUAGE_STANDARD = gnu17;
				GCC_DYNAMIC_NO_PIC = NO;
				GCC_NO_COMMON_BLOCKS = YES;
				GCC_OPTIMIZATION_LEVEL = 0;
				GCC_PREPROCESSOR_DEFINITIONS = (
					"DEBUG=1",
					"$(inherited)",
				);
				GCC_WARN_64_TO_32_BIT_CONVERSION = YES;
				GCC_WARN_ABOUT_RETURN_TYPE = YES_ERROR;
				GCC_WARN_UNDECLARED_SELECTOR = YES;
				GCC_WARN_UNINITIALIZED_AUTOS = YES_AGGRESSIVE;
				GCC_WARN_UNUSED_FUNCTION = YES;
				GCC_WARN_UNUSED_VARIABLE = YES;
				LOCALIZATION_PREFERS_STRING_CATALOGS = YES;
				MTL_ENABLE_DEBUG_INFO = INCLUDE_SOURCE;
				MTL_FAST_MATH = YES;
				ONLY_ACTIVE_ARCH = YES;
				SDKROOT = xros;
				SWIFT_ACTIVE_COMPILATION_CONDITIONS = "DEBUG $(inherited)";
				SWIFT_OPTIMIZATION_LEVEL = "-Onone";
				XROS_DEPLOYMENT_TARGET = 1.2;
			};
			name = Debug;
		};
		E705493C2C56D16A007595A4 /* Release */ = {
			isa = XCBuildConfiguration;
			buildSettings = {
				ALWAYS_SEARCH_USER_PATHS = NO;
				ASSETCATALOG_COMPILER_GENERATE_SWIFT_ASSET_SYMBOL_EXTENSIONS = YES;
				CLANG_ANALYZER_NONNULL = YES;
				CLANG_ANALYZER_NUMBER_OBJECT_CONVERSION = YES_AGGRESSIVE;
				CLANG_CXX_LANGUAGE_STANDARD = "gnu++20";
				CLANG_ENABLE_MODULES = YES;
				CLANG_ENABLE_OBJC_ARC = YES;
				CLANG_ENABLE_OBJC_WEAK = YES;
				CLANG_WARN_BLOCK_CAPTURE_AUTORELEASING = YES;
				CLANG_WARN_BOOL_CONVERSION = YES;
				CLANG_WARN_COMMA = YES;
				CLANG_WARN_CONSTANT_CONVERSION = YES;
				CLANG_WARN_DEPRECATED_OBJC_IMPLEMENTATIONS = YES;
				CLANG_WARN_DIRECT_OBJC_ISA_USAGE = YES_ERROR;
				CLANG_WARN_DOCUMENTATION_COMMENTS = YES;
				CLANG_WARN_EMPTY_BODY = YES;
				CLANG_WARN_ENUM_CONVERSION = YES;
				CLANG_WARN_INFINITE_RECURSION = YES;
				CLANG_WARN_INT_CONVERSION = YES;
				CLANG_WARN_NON_LITERAL_NULL_CONVERSION = YES;
				CLANG_WARN_OBJC_IMPLICIT_RETAIN_SELF = YES;
				CLANG_WARN_OBJC_LITERAL_CONVERSION = YES;
				CLANG_WARN_OBJC_ROOT_CLASS = YES_ERROR;
				CLANG_WARN_QUOTED_INCLUDE_IN_FRAMEWORK_HEADER = YES;
				CLANG_WARN_RANGE_LOOP_ANALYSIS = YES;
				CLANG_WARN_STRICT_PROTOTYPES = YES;
				CLANG_WARN_SUSPICIOUS_MOVE = YES;
				CLANG_WARN_UNGUARDED_AVAILABILITY = YES_AGGRESSIVE;
				CLANG_WARN_UNREACHABLE_CODE = YES;
				CLANG_WARN__DUPLICATE_METHOD_MATCH = YES;
				COPY_PHASE_STRIP = NO;
				DEBUG_INFORMATION_FORMAT = "dwarf-with-dsym";
				ENABLE_NS_ASSERTIONS = NO;
				ENABLE_STRICT_OBJC_MSGSEND = YES;
				ENABLE_USER_SCRIPT_SANDBOXING = YES;
				GCC_C_LANGUAGE_STANDARD = gnu17;
				GCC_NO_COMMON_BLOCKS = YES;
				GCC_WARN_64_TO_32_BIT_CONVERSION = YES;
				GCC_WARN_ABOUT_RETURN_TYPE = YES_ERROR;
				GCC_WARN_UNDECLARED_SELECTOR = YES;
				GCC_WARN_UNINITIALIZED_AUTOS = YES_AGGRESSIVE;
				GCC_WARN_UNUSED_FUNCTION = YES;
				GCC_WARN_UNUSED_VARIABLE = YES;
				LOCALIZATION_PREFERS_STRING_CATALOGS = YES;
				MTL_ENABLE_DEBUG_INFO = NO;
				MTL_FAST_MATH = YES;
				SDKROOT = xros;
				SWIFT_COMPILATION_MODE = wholemodule;
				VALIDATE_PRODUCT = YES;
				XROS_DEPLOYMENT_TARGET = 1.2;
			};
			name = Release;
		};
		E705493E2C56D16A007595A4 /* Debug */ = {
			isa = XCBuildConfiguration;
			buildSettings = {
				ASSETCATALOG_COMPILER_APPICON_NAME = AppIcon;
				ASSETCATALOG_COMPILER_GLOBAL_ACCENT_COLOR_NAME = AccentColor;
				CODE_SIGN_STYLE = Automatic;
				CURRENT_PROJECT_VERSION = 1;
				DEVELOPMENT_ASSET_PATHS = "\"SoundWeaverHUD/Preview Content\"";
				DEVELOPMENT_TEAM = ST54V5XQY4;
				ENABLE_PREVIEWS = YES;
				GENERATE_INFOPLIST_FILE = YES;
				INFOPLIST_FILE = "$(TARGET_NAME)/Info.plist";
				INFOPLIST_KEY_NSMicrophoneUsageDescription = "This app will require microphone usage.";
				INFOPLIST_KEY_NSSpeechRecognitionUsageDescription = "This app will require speech recognition service.";
				LD_RUNPATH_SEARCH_PATHS = (
					"$(inherited)",
					"@executable_path/Frameworks",
				);
				MARKETING_VERSION = 1.0;
				PRODUCT_BUNDLE_IDENTIFIER = zjhuang.SoundWeaverHUD;
				PRODUCT_NAME = "$(TARGET_NAME)";
				SUPPORTED_PLATFORMS = "xros xrsimulator";
				SWIFT_EMIT_LOC_STRINGS = YES;
				SWIFT_VERSION = 5.0;
				TARGETED_DEVICE_FAMILY = "1,2,7";
			};
			name = Debug;
		};
		E705493F2C56D16A007595A4 /* Release */ = {
			isa = XCBuildConfiguration;
			buildSettings = {
				ASSETCATALOG_COMPILER_APPICON_NAME = AppIcon;
				ASSETCATALOG_COMPILER_GLOBAL_ACCENT_COLOR_NAME = AccentColor;
				CODE_SIGN_STYLE = Automatic;
				CURRENT_PROJECT_VERSION = 1;
				DEVELOPMENT_ASSET_PATHS = "\"SoundWeaverHUD/Preview Content\"";
				DEVELOPMENT_TEAM = ST54V5XQY4;
				ENABLE_PREVIEWS = YES;
				GENERATE_INFOPLIST_FILE = YES;
				INFOPLIST_FILE = "$(TARGET_NAME)/Info.plist";
				INFOPLIST_KEY_NSMicrophoneUsageDescription = "This app will require microphone usage.";
				INFOPLIST_KEY_NSSpeechRecognitionUsageDescription = "This app will require speech recognition service.";
				LD_RUNPATH_SEARCH_PATHS = (
					"$(inherited)",
					"@executable_path/Frameworks",
				);
				MARKETING_VERSION = 1.0;
				PRODUCT_BUNDLE_IDENTIFIER = zjhuang.SoundWeaverHUD;
				PRODUCT_NAME = "$(TARGET_NAME)";
				SUPPORTED_PLATFORMS = "xros xrsimulator";
				SWIFT_EMIT_LOC_STRINGS = YES;
				SWIFT_VERSION = 5.0;
				TARGETED_DEVICE_FAMILY = "1,2,7";
			};
			name = Release;
		};
/* End XCBuildConfiguration section */

/* Begin XCConfigurationList section */
		E70549252C56D168007595A4 /* Build configuration list for PBXProject "SoundWeaverHUD" */ = {
			isa = XCConfigurationList;
			buildConfigurations = (
				E705493B2C56D16A007595A4 /* Debug */,
				E705493C2C56D16A007595A4 /* Release */,
			);
			defaultConfigurationIsVisible = 0;
			defaultConfigurationName = Release;
		};
		E705493D2C56D16A007595A4 /* Build configuration list for PBXNativeTarget "SoundWeaverHUD" */ = {
			isa = XCConfigurationList;
			buildConfigurations = (
				E705493E2C56D16A007595A4 /* Debug */,
				E705493F2C56D16A007595A4 /* Release */,
			);
			defaultConfigurationIsVisible = 0;
			defaultConfigurationName = Release;
		};
/* End XCConfigurationList section */

/* Begin XCRemoteSwiftPackageReference section */
		E7D6D4712C57D26C00A2D747 /* XCRemoteSwiftPackageReference "firebase-ios-sdk" */ = {
			isa = XCRemoteSwiftPackageReference;
			repositoryURL = "https://github.com/firebase/firebase-ios-sdk";
			requirement = {
				kind = upToNextMajorVersion;
				minimumVersion = 10.29.0;
			};
		};
/* End XCRemoteSwiftPackageReference section */

/* Begin XCSwiftPackageProductDependency section */
		E705492F2C56D168007595A4 /* RealityKitContent */ = {
			isa = XCSwiftPackageProductDependency;
			productName = RealityKitContent;
		};
		E7D6D4722C57D26C00A2D747 /* FirebaseAnalytics */ = {
			isa = XCSwiftPackageProductDependency;
			package = E7D6D4712C57D26C00A2D747 /* XCRemoteSwiftPackageReference "firebase-ios-sdk" */;
			productName = FirebaseAnalytics;
		};
		E7D6D4742C57D26C00A2D747 /* FirebaseAnalyticsOnDeviceConversion */ = {
			isa = XCSwiftPackageProductDependency;
			package = E7D6D4712C57D26C00A2D747 /* XCRemoteSwiftPackageReference "firebase-ios-sdk" */;
			productName = FirebaseAnalyticsOnDeviceConversion;
		};
		E7D6D4762C57D26C00A2D747 /* FirebaseAnalyticsSwift */ = {
			isa = XCSwiftPackageProductDependency;
			package = E7D6D4712C57D26C00A2D747 /* XCRemoteSwiftPackageReference "firebase-ios-sdk" */;
			productName = FirebaseAnalyticsSwift;
		};
		E7D6D4782C57D26C00A2D747 /* FirebaseDatabase */ = {
			isa = XCSwiftPackageProductDependency;
			package = E7D6D4712C57D26C00A2D747 /* XCRemoteSwiftPackageReference "firebase-ios-sdk" */;
			productName = FirebaseDatabase;
		};
		E7D6D47A2C57D26C00A2D747 /* FirebaseDatabaseSwift */ = {
			isa = XCSwiftPackageProductDependency;
			package = E7D6D4712C57D26C00A2D747 /* XCRemoteSwiftPackageReference "firebase-ios-sdk" */;
			productName = FirebaseDatabaseSwift;
		};
/* End XCSwiftPackageProductDependency section */
	};
	rootObject = E70549222C56D168007595A4 /* Project object */;
}
